// !$*UTF8*$!
{
	archiveVersion = 1;
	classes = {
	};
	objectVersion = 48;
	objects = {

/* Begin PBXBuildFile section */
		889237552137829F001E1759 /* AppDelegate.swift in Sources */ = {isa = PBXBuildFile; fileRef = 889237542137829F001E1759 /* AppDelegate.swift */; };
		889237572137829F001E1759 /* ViewController.swift in Sources */ = {isa = PBXBuildFile; fileRef = 889237562137829F001E1759 /* ViewController.swift */; };
		8892375A2137829F001E1759 /* Main.storyboard in Resources */ = {isa = PBXBuildFile; fileRef = 889237582137829F001E1759 /* Main.storyboard */; };
		8892375C2137829F001E1759 /* Assets.xcassets in Resources */ = {isa = PBXBuildFile; fileRef = 8892375B2137829F001E1759 /* Assets.xcassets */; };
		8892375F2137829F001E1759 /* LaunchScreen.storyboard in Resources */ = {isa = PBXBuildFile; fileRef = 8892375D2137829F001E1759 /* LaunchScreen.storyboard */; };
		8892376A2137829F001E1759 /* FiveStarsDemoTests.swift in Sources */ = {isa = PBXBuildFile; fileRef = 889237692137829F001E1759 /* FiveStarsDemoTests.swift */; };
		889237752137829F001E1759 /* FiveStarsDemoUITests.swift in Sources */ = {isa = PBXBuildFile; fileRef = 889237742137829F001E1759 /* FiveStarsDemoUITests.swift */; };
		88923784213784A2001E1759 /* FiveStars.swift in Sources */ = {isa = PBXBuildFile; fileRef = 88923783213784A2001E1759 /* FiveStars.swift */; };
/* End PBXBuildFile section */

/* Begin PBXContainerItemProxy section */
		889237662137829F001E1759 /* PBXContainerItemProxy */ = {
			isa = PBXContainerItemProxy;
			containerPortal = 889237492137829F001E1759 /* Project object */;
			proxyType = 1;
			remoteGlobalIDString = 889237502137829F001E1759;
			remoteInfo = FiveStarsDemo;
		};
		889237712137829F001E1759 /* PBXContainerItemProxy */ = {
			isa = PBXContainerItemProxy;
			containerPortal = 889237492137829F001E1759 /* Project object */;
			proxyType = 1;
			remoteGlobalIDString = 889237502137829F001E1759;
			remoteInfo = FiveStarsDemo;
		};
/* End PBXContainerItemProxy section */

/* Begin PBXFileReference section */
		889237512137829F001E1759 /* FiveStarsDemo.app */ = {isa = PBXFileReference; explicitFileType = wrapper.application; includeInIndex = 0; path = FiveStarsDemo.app; sourceTree = BUILT_PRODUCTS_DIR; };
		889237542137829F001E1759 /* AppDelegate.swift */ = {isa = PBXFileReference; lastKnownFileType = sourcecode.swift; path = AppDelegate.swift; sourceTree = "<group>"; };
		889237562137829F001E1759 /* ViewController.swift */ = {isa = PBXFileReference; lastKnownFileType = sourcecode.swift; path = ViewController.swift; sourceTree = "<group>"; };
		889237592137829F001E1759 /* Base */ = {isa = PBXFileReference; lastKnownFileType = file.storyboard; name = Base; path = Base.lproj/Main.storyboard; sourceTree = "<group>"; };
		8892375B2137829F001E1759 /* Assets.xcassets */ = {isa = PBXFileReference; lastKnownFileType = folder.assetcatalog; path = Assets.xcassets; sourceTree = "<group>"; };
		8892375E2137829F001E1759 /* Base */ = {isa = PBXFileReference; lastKnownFileType = file.storyboard; name = Base; path = Base.lproj/LaunchScreen.storyboard; sourceTree = "<group>"; };
		889237602137829F001E1759 /* Info.plist */ = {isa = PBXFileReference; lastKnownFileType = text.plist.xml; path = Info.plist; sourceTree = "<group>"; };
		889237652137829F001E1759 /* FiveStarsDemoTests.xctest */ = {isa = PBXFileReference; explicitFileType = wrapper.cfbundle; includeInIndex = 0; path = FiveStarsDemoTests.xctest; sourceTree = BUILT_PRODUCTS_DIR; };
		889237692137829F001E1759 /* FiveStarsDemoTests.swift */ = {isa = PBXFileReference; lastKnownFileType = sourcecode.swift; path = FiveStarsDemoTests.swift; sourceTree = "<group>"; };
		8892376B2137829F001E1759 /* Info.plist */ = {isa = PBXFileReference; lastKnownFileType = text.plist.xml; path = Info.plist; sourceTree = "<group>"; };
		889237702137829F001E1759 /* FiveStarsDemoUITests.xctest */ = {isa = PBXFileReference; explicitFileType = wrapper.cfbundle; includeInIndex = 0; path = FiveStarsDemoUITests.xctest; sourceTree = BUILT_PRODUCTS_DIR; };
		889237742137829F001E1759 /* FiveStarsDemoUITests.swift */ = {isa = PBXFileReference; lastKnownFileType = sourcecode.swift; path = FiveStarsDemoUITests.swift; sourceTree = "<group>"; };
		889237762137829F001E1759 /* Info.plist */ = {isa = PBXFileReference; lastKnownFileType = text.plist.xml; path = Info.plist; sourceTree = "<group>"; };
		88923783213784A2001E1759 /* FiveStars.swift */ = {isa = PBXFileReference; lastKnownFileType = sourcecode.swift; path = FiveStars.swift; sourceTree = "<group>"; };
/* End PBXFileReference section */

/* Begin PBXFrameworksBuildPhase section */
		8892374E2137829F001E1759 /* Frameworks */ = {
			isa = PBXFrameworksBuildPhase;
			buildActionMask = 2147483647;
			files = (
			);
			runOnlyForDeploymentPostprocessing = 0;
		};
		889237622137829F001E1759 /* Frameworks */ = {
			isa = PBXFrameworksBuildPhase;
			buildActionMask = 2147483647;
			files = (
			);
			runOnlyForDeploymentPostprocessing = 0;
		};
		8892376D2137829F001E1759 /* Frameworks */ = {
			isa = PBXFrameworksBuildPhase;
			buildActionMask = 2147483647;
			files = (
			);
			runOnlyForDeploymentPostprocessing = 0;
		};
/* End PBXFrameworksBuildPhase section */

/* Begin PBXGroup section */
		889237482137829F001E1759 = {
			isa = PBXGroup;
			children = (
				889237532137829F001E1759 /* FiveStarsDemo */,
				889237682137829F001E1759 /* FiveStarsDemoTests */,
				889237732137829F001E1759 /* FiveStarsDemoUITests */,
				889237522137829F001E1759 /* Products */,
			);
			sourceTree = "<group>";
		};
		889237522137829F001E1759 /* Products */ = {
			isa = PBXGroup;
			children = (
				889237512137829F001E1759 /* FiveStarsDemo.app */,
				889237652137829F001E1759 /* FiveStarsDemoTests.xctest */,
				889237702137829F001E1759 /* FiveStarsDemoUITests.xctest */,
			);
			name = Products;
			sourceTree = "<group>";
		};
		889237532137829F001E1759 /* FiveStarsDemo */ = {
			isa = PBXGroup;
			children = (
				88923782213782AC001E1759 /* FiveStars */,
				889237542137829F001E1759 /* AppDelegate.swift */,
				889237562137829F001E1759 /* ViewController.swift */,
				889237582137829F001E1759 /* Main.storyboard */,
				8892375B2137829F001E1759 /* Assets.xcassets */,
				8892375D2137829F001E1759 /* LaunchScreen.storyboard */,
				889237602137829F001E1759 /* Info.plist */,
			);
			path = FiveStarsDemo;
			sourceTree = "<group>";
		};
		889237682137829F001E1759 /* FiveStarsDemoTests */ = {
			isa = PBXGroup;
			children = (
				889237692137829F001E1759 /* FiveStarsDemoTests.swift */,
				8892376B2137829F001E1759 /* Info.plist */,
			);
			path = FiveStarsDemoTests;
			sourceTree = "<group>";
		};
		889237732137829F001E1759 /* FiveStarsDemoUITests */ = {
			isa = PBXGroup;
			children = (
				889237742137829F001E1759 /* FiveStarsDemoUITests.swift */,
				889237762137829F001E1759 /* Info.plist */,
			);
			path = FiveStarsDemoUITests;
			sourceTree = "<group>";
		};
		88923782213782AC001E1759 /* FiveStars */ = {
			isa = PBXGroup;
			children = (
				88923783213784A2001E1759 /* FiveStars.swift */,
			);
			path = FiveStars;
			sourceTree = "<group>";
		};
/* End PBXGroup section */

/* Begin PBXNativeTarget section */
		889237502137829F001E1759 /* FiveStarsDemo */ = {
			isa = PBXNativeTarget;
			buildConfigurationList = 889237792137829F001E1759 /* Build configuration list for PBXNativeTarget "FiveStarsDemo" */;
			buildPhases = (
				8892374D2137829F001E1759 /* Sources */,
				8892374E2137829F001E1759 /* Frameworks */,
				8892374F2137829F001E1759 /* Resources */,
			);
			buildRules = (
			);
			dependencies = (
			);
			name = FiveStarsDemo;
			productName = FiveStarsDemo;
			productReference = 889237512137829F001E1759 /* FiveStarsDemo.app */;
			productType = "com.apple.product-type.application";
		};
		889237642137829F001E1759 /* FiveStarsDemoTests */ = {
			isa = PBXNativeTarget;
			buildConfigurationList = 8892377C2137829F001E1759 /* Build configuration list for PBXNativeTarget "FiveStarsDemoTests" */;
			buildPhases = (
				889237612137829F001E1759 /* Sources */,
				889237622137829F001E1759 /* Frameworks */,
				889237632137829F001E1759 /* Resources */,
			);
			buildRules = (
			);
			dependencies = (
				889237672137829F001E1759 /* PBXTargetDependency */,
			);
			name = FiveStarsDemoTests;
			productName = FiveStarsDemoTests;
			productReference = 889237652137829F001E1759 /* FiveStarsDemoTests.xctest */;
			productType = "com.apple.product-type.bundle.unit-test";
		};
		8892376F2137829F001E1759 /* FiveStarsDemoUITests */ = {
			isa = PBXNativeTarget;
			buildConfigurationList = 8892377F2137829F001E1759 /* Build configuration list for PBXNativeTarget "FiveStarsDemoUITests" */;
			buildPhases = (
				8892376C2137829F001E1759 /* Sources */,
				8892376D2137829F001E1759 /* Frameworks */,
				8892376E2137829F001E1759 /* Resources */,
			);
			buildRules = (
			);
			dependencies = (
				889237722137829F001E1759 /* PBXTargetDependency */,
			);
			name = FiveStarsDemoUITests;
			productName = FiveStarsDemoUITests;
			productReference = 889237702137829F001E1759 /* FiveStarsDemoUITests.xctest */;
			productType = "com.apple.product-type.bundle.ui-testing";
		};
/* End PBXNativeTarget section */

/* Begin PBXProject section */
		889237492137829F001E1759 /* Project object */ = {
			isa = PBXProject;
			attributes = {
				LastSwiftUpdateCheck = 0910;
				LastUpgradeCheck = 0910;
				ORGANIZATIONNAME = Public;
				TargetAttributes = {
					889237502137829F001E1759 = {
						CreatedOnToolsVersion = 9.1;
						ProvisioningStyle = Automatic;
					};
					889237642137829F001E1759 = {
						CreatedOnToolsVersion = 9.1;
						ProvisioningStyle = Automatic;
						TestTargetID = 889237502137829F001E1759;
					};
					8892376F2137829F001E1759 = {
						CreatedOnToolsVersion = 9.1;
						ProvisioningStyle = Automatic;
						TestTargetID = 889237502137829F001E1759;
					};
				};
			};
			buildConfigurationList = 8892374C2137829F001E1759 /* Build configuration list for PBXProject "FiveStarsDemo" */;
			compatibilityVersion = "Xcode 8.0";
			developmentRegion = en;
			hasScannedForEncodings = 0;
			knownRegions = (
				en,
				Base,
			);
			mainGroup = 889237482137829F001E1759;
			productRefGroup = 889237522137829F001E1759 /* Products */;
			projectDirPath = "";
			projectRoot = "";
			targets = (
				889237502137829F001E1759 /* FiveStarsDemo */,
				889237642137829F001E1759 /* FiveStarsDemoTests */,
				8892376F2137829F001E1759 /* FiveStarsDemoUITests */,
			);
		};
/* End PBXProject section */

/* Begin PBXResourcesBuildPhase section */
		8892374F2137829F001E1759 /* Resources */ = {
			isa = PBXResourcesBuildPhase;
			buildActionMask = 2147483647;
			files = (
				8892375F2137829F001E1759 /* LaunchScreen.storyboard in Resources */,
				8892375C2137829F001E1759 /* Assets.xcassets in Resources */,
				8892375A2137829F001E1759 /* Main.storyboard in Resources */,
			);
			runOnlyForDeploymentPostprocessing = 0;
		};
		889237632137829F001E1759 /* Resources */ = {
			isa = PBXResourcesBuildPhase;
			buildActionMask = 2147483647;
			files = (
			);
			runOnlyForDeploymentPostprocessing = 0;
		};
		8892376E2137829F001E1759 /* Resources */ = {
			isa = PBXResourcesBuildPhase;
			buildActionMask = 2147483647;
			files = (
			);
			runOnlyForDeploymentPostprocessing = 0;
		};
/* End PBXResourcesBuildPhase section */

/* Begin PBXSourcesBuildPhase section */
		8892374D2137829F001E1759 /* Sources */ = {
			isa = PBXSourcesBuildPhase;
			buildActionMask = 2147483647;
			files = (
				889237572137829F001E1759 /* ViewController.swift in Sources */,
				889237552137829F001E1759 /* AppDelegate.swift in Sources */,
				88923784213784A2001E1759 /* FiveStars.swift in Sources */,
			);
			runOnlyForDeploymentPostprocessing = 0;
		};
		889237612137829F001E1759 /* Sources */ = {
			isa = PBXSourcesBuildPhase;
			buildActionMask = 2147483647;
			files = (
				8892376A2137829F001E1759 /* FiveStarsDemoTests.swift in Sources */,
			);
			runOnlyForDeploymentPostprocessing = 0;
		};
		8892376C2137829F001E1759 /* Sources */ = {
			isa = PBXSourcesBuildPhase;
			buildActionMask = 2147483647;
			files = (
				889237752137829F001E1759 /* FiveStarsDemoUITests.swift in Sources */,
			);
			runOnlyForDeploymentPostprocessing = 0;
		};
/* End PBXSourcesBuildPhase section */

/* Begin PBXTargetDependency section */
		889237672137829F001E1759 /* PBXTargetDependency */ = {
			isa = PBXTargetDependency;
			target = 889237502137829F001E1759 /* FiveStarsDemo */;
			targetProxy = 889237662137829F001E1759 /* PBXContainerItemProxy */;
		};
		889237722137829F001E1759 /* PBXTargetDependency */ = {
			isa = PBXTargetDependency;
			target = 889237502137829F001E1759 /* FiveStarsDemo */;
			targetProxy = 889237712137829F001E1759 /* PBXContainerItemProxy */;
		};
/* End PBXTargetDependency section */

/* Begin PBXVariantGroup section */
		889237582137829F001E1759 /* Main.storyboard */ = {
			isa = PBXVariantGroup;
			children = (
				889237592137829F001E1759 /* Base */,
			);
			name = Main.storyboard;
			sourceTree = "<group>";
		};
		8892375D2137829F001E1759 /* LaunchScreen.storyboard */ = {
			isa = PBXVariantGroup;
			children = (
				8892375E2137829F001E1759 /* Base */,
			);
			name = LaunchScreen.storyboard;
			sourceTree = "<group>";
		};
/* End PBXVariantGroup section */

/* Begin XCBuildConfiguration section */
		889237772137829F001E1759 /* Debug */ = {
			isa = XCBuildConfiguration;
			buildSettings = {
				ALWAYS_SEARCH_USER_PATHS = NO;
				CLANG_ANALYZER_NONNULL = YES;
				CLANG_ANALYZER_NUMBER_OBJECT_CONVERSION = YES_AGGRESSIVE;
				CLANG_CXX_LANGUAGE_STANDARD = "gnu++14";
				CLANG_CXX_LIBRARY = "libc++";
				CLANG_ENABLE_MODULES = YES;
				CLANG_ENABLE_OBJC_ARC = YES;
				CLANG_WARN_BLOCK_CAPTURE_AUTORELEASING = YES;
				CLANG_WARN_BOOL_CONVERSION = YES;
				CLANG_WARN_COMMA = YES;
				CLANG_WARN_CONSTANT_CONVERSION = YES;
				CLANG_WARN_DIRECT_OBJC_ISA_USAGE = YES_ERROR;
				CLANG_WARN_DOCUMENTATION_COMMENTS = YES;
				CLANG_WARN_EMPTY_BODY = YES;
				CLANG_WARN_ENUM_CONVERSION = YES;
				CLANG_WARN_INFINITE_RECURSION = YES;
				CLANG_WARN_INT_CONVERSION = YES;
				CLANG_WARN_NON_LITERAL_NULL_CONVERSION = YES;
				CLANG_WARN_OBJC_LITERAL_CONVERSION = YES;
				CLANG_WARN_OBJC_ROOT_CLASS = YES_ERROR;
				CLANG_WARN_RANGE_LOOP_ANALYSIS = YES;
				CLANG_WARN_STRICT_PROTOTYPES = YES;
				CLANG_WARN_SUSPICIOUS_MOVE = YES;
				CLANG_WARN_UNGUARDED_AVAILABILITY = YES_AGGRESSIVE;
				CLANG_WARN_UNREACHABLE_CODE = YES;
				CLANG_WARN__DUPLICATE_METHOD_MATCH = YES;
				CODE_SIGN_IDENTITY = "iPhone Developer";
				COPY_PHASE_STRIP = NO;
				DEBUG_INFORMATION_FORMAT = dwarf;
				ENABLE_STRICT_OBJC_MSGSEND = YES;
				ENABLE_TESTABILITY = YES;
				GCC_C_LANGUAGE_STANDARD = gnu11;
				GCC_DYNAMIC_NO_PIC = NO;
				GCC_NO_COMMON_BLOCKS = YES;
				GCC_OPTIMIZATION_LEVEL = 0;
				GCC_PREPROCESSOR_DEFINITIONS = (
					"DEBUG=1",
					"$(inherited)",
				);
				GCC_WARN_64_TO_32_BIT_CONVERSION = YES;
				GCC_WARN_ABOUT_RETURN_TYPE = YES_ERROR;
				GCC_WARN_UNDECLARED_SELECTOR = YES;
				GCC_WARN_UNINITIALIZED_AUTOS = YES_AGGRESSIVE;
				GCC_WARN_UNUSED_FUNCTION = YES;
				GCC_WARN_UNUSED_VARIABLE = YES;
				IPHONEOS_DEPLOYMENT_TARGET = 11.1;
				MTL_ENABLE_DEBUG_INFO = YES;
				ONLY_ACTIVE_ARCH = YES;
				SDKROOT = iphoneos;
				SWIFT_ACTIVE_COMPILATION_CONDITIONS = DEBUG;
				SWIFT_OPTIMIZATION_LEVEL = "-Onone";
			};
			name = Debug;
		};
		889237782137829F001E1759 /* Release */ = {
			isa = XCBuildConfiguration;
			buildSettings = {
				ALWAYS_SEARCH_USER_PATHS = NO;
				CLANG_ANALYZER_NONNULL = YES;
				CLANG_ANALYZER_NUMBER_OBJECT_CONVERSION = YES_AGGRESSIVE;
				CLANG_CXX_LANGUAGE_STANDARD = "gnu++14";
				CLANG_CXX_LIBRARY = "libc++";
				CLANG_ENABLE_MODULES = YES;
				CLANG_ENABLE_OBJC_ARC = YES;
				CLANG_WARN_BLOCK_CAPTURE_AUTORELEASING = YES;
				CLANG_WARN_BOOL_CONVERSION = YES;
				CLANG_WARN_COMMA = YES;
				CLANG_WARN_CONSTANT_CONVERSION = YES;
				CLANG_WARN_DIRECT_OBJC_ISA_USAGE = YES_ERROR;
				CLANG_WARN_DOCUMENTATION_COMMENTS = YES;
				CLANG_WARN_EMPTY_BODY = YES;
				CLANG_WARN_ENUM_CONVERSION = YES;
				CLANG_WARN_INFINITE_RECURSION = YES;
				CLANG_WARN_INT_CONVERSION = YES;
				CLANG_WARN_NON_LITERAL_NULL_CONVERSION = YES;
				CLANG_WARN_OBJC_LITERAL_CONVERSION = YES;
				CLANG_WARN_OBJC_ROOT_CLASS = YES_ERROR;
				CLANG_WARN_RANGE_LOOP_ANALYSIS = YES;
				CLANG_WARN_STRICT_PROTOTYPES = YES;
				CLANG_WARN_SUSPICIOUS_MOVE = YES;
				CLANG_WARN_UNGUARDED_AVAILABILITY = YES_AGGRESSIVE;
				CLANG_WARN_UNREACHABLE_CODE = YES;
				CLANG_WARN__DUPLICATE_METHOD_MATCH = YES;
				CODE_SIGN_IDENTITY = "iPhone Developer";
				COPY_PHASE_STRIP = NO;
				DEBUG_INFORMATION_FORMAT = "dwarf-with-dsym";
				ENABLE_NS_ASSERTIONS = NO;
				ENABLE_STRICT_OBJC_MSGSEND = YES;
				GCC_C_LANGUAGE_STANDARD = gnu11;
				GCC_NO_COMMON_BLOCKS = YES;
				GCC_WARN_64_TO_32_BIT_CONVERSION = YES;
				GCC_WARN_ABOUT_RETURN_TYPE = YES_ERROR;
				GCC_WARN_UNDECLARED_SELECTOR = YES;
				GCC_WARN_UNINITIALIZED_AUTOS = YES_AGGRESSIVE;
				GCC_WARN_UNUSED_FUNCTION = YES;
				GCC_WARN_UNUSED_VARIABLE = YES;
				IPHONEOS_DEPLOYMENT_TARGET = 11.1;
				MTL_ENABLE_DEBUG_INFO = NO;
				SDKROOT = iphoneos;
				SWIFT_OPTIMIZATION_LEVEL = "-Owholemodule";
				VALIDATE_PRODUCT = YES;
			};
			name = Release;
		};
		8892377A2137829F001E1759 /* Debug */ = {
			isa = XCBuildConfiguration;
			buildSettings = {
				ASSETCATALOG_COMPILER_APPICON_NAME = AppIcon;
				CODE_SIGN_STYLE = Automatic;
				INFOPLIST_FILE = FiveStarsDemo/Info.plist;
				LD_RUNPATH_SEARCH_PATHS = "$(inherited) @executable_path/Frameworks";
				PRODUCT_BUNDLE_IDENTIFIER = com.longyue.FiveStarsDemo;
				PRODUCT_NAME = "$(TARGET_NAME)";
				SWIFT_VERSION = 4.0;
				TARGETED_DEVICE_FAMILY = "1,2";
			};
			name = Debug;
		};
		8892377B2137829F001E1759 /* Release */ = {
			isa = XCBuildConfiguration;
			buildSettings = {
				ASSETCATALOG_COMPILER_APPICON_NAME = AppIcon;
				CODE_SIGN_STYLE = Automatic;
				INFOPLIST_FILE = FiveStarsDemo/Info.plist;
				LD_RUNPATH_SEARCH_PATHS = "$(inherited) @executable_path/Frameworks";
				PRODUCT_BUNDLE_IDENTIFIER = com.longyue.FiveStarsDemo;
				PRODUCT_NAME = "$(TARGET_NAME)";
				SWIFT_VERSION = 4.0;
				TARGETED_DEVICE_FAMILY = "1,2";
			};
			name = Release;
		};
		8892377D2137829F001E1759 /* Debug */ = {
			isa = XCBuildConfiguration;
			buildSettings = {
				ALWAYS_EMBED_SWIFT_STANDARD_LIBRARIES = YES;
				BUNDLE_LOADER = "$(TEST_HOST)";
				CODE_SIGN_STYLE = Automatic;
				INFOPLIST_FILE = FiveStarsDemoTests/Info.plist;
				LD_RUNPATH_SEARCH_PATHS = "$(inherited) @executable_path/Frameworks @loader_path/Frameworks";
				PRODUCT_BUNDLE_IDENTIFIER = com.longyue.FiveStarsDemoTests;
				PRODUCT_NAME = "$(TARGET_NAME)";
				SWIFT_VERSION = 4.0;
				TARGETED_DEVICE_FAMILY = "1,2";
				TEST_HOST = "$(BUILT_PRODUCTS_DIR)/FiveStarsDemo.app/FiveStarsDemo";
			};
			name = Debug;
		};
		8892377E2137829F001E1759 /* Release */ = {
			isa = XCBuildConfiguration;
			buildSettings = {
				ALWAYS_EMBED_SWIFT_STANDARD_LIBRARIES = YES;
				BUNDLE_LOADER = "$(TEST_HOST)";
				CODE_SIGN_STYLE = Automatic;
				INFOPLIST_FILE = FiveStarsDemoTests/Info.plist;
				LD_RUNPATH_SEARCH_PATHS = "$(inherited) @executable_path/Frameworks @loader_path/Frameworks";
				PRODUCT_BUNDLE_IDENTIFIER = com.longyue.FiveStarsDemoTests;
				PRODUCT_NAME = "$(TARGET_NAME)";
				SWIFT_VERSION = 4.0;
				TARGETED_DEVICE_FAMILY = "1,2";
				TEST_HOST = "$(BUILT_PRODUCTS_DIR)/FiveStarsDemo.app/FiveStarsDemo";
			};
			name = Release;
		};
		889237802137829F001E1759 /* Debug */ = {
			isa = XCBuildConfiguration;
			buildSettings = {
				ALWAYS_EMBED_SWIFT_STANDARD_LIBRARIES = YES;
				CODE_SIGN_STYLE = Automatic;
				INFOPLIST_FILE = FiveStarsDemoUITests/Info.plist;
				LD_RUNPATH_SEARCH_PATHS = "$(inherited) @executable_path/Frameworks @loader_path/Frameworks";
				PRODUCT_BUNDLE_IDENTIFIER = com.longyue.FiveStarsDemoUITests;
				PRODUCT_NAME = "$(TARGET_NAME)";
				SWIFT_VERSION = 4.0;
				TARGETED_DEVICE_FAMILY = "1,2";
				TEST_TARGET_NAME = FiveStarsDemo;
			};
			name = Debug;
		};
		889237812137829F001E1759 /* Release */ = {
			isa = XCBuildConfiguration;
			buildSettings = {
				ALWAYS_EMBED_SWIFT_STANDARD_LIBRARIES = YES;
				CODE_SIGN_STYLE = Automatic;
				INFOPLIST_FILE = FiveStarsDemoUITests/Info.plist;
				LD_RUNPATH_SEARCH_PATHS = "$(inherited) @executable_path/Frameworks @loader_path/Frameworks";
				PRODUCT_BUNDLE_IDENTIFIER = com.longyue.FiveStarsDemoUITests;
				PRODUCT_NAME = "$(TARGET_NAME)";
				SWIFT_VERSION = 4.0;
				TARGETED_DEVICE_FAMILY = "1,2";
				TEST_TARGET_NAME = FiveStarsDemo;
			};
			name = Release;
		};
/* End XCBuildConfiguration section */

/* Begin XCConfigurationList section */
		8892374C2137829F001E1759 /* Build configuration list for PBXProject "FiveStarsDemo" */ = {
			isa = XCConfigurationList;
			buildConfigurations = (
				889237772137829F001E1759 /* Debug */,
				889237782137829F001E1759 /* Release */,
			);
			defaultConfigurationIsVisible = 0;
			defaultConfigurationName = Release;
		};
		889237792137829F001E1759 /* Build configuration list for PBXNativeTarget "FiveStarsDemo" */ = {
			isa = XCConfigurationList;
			buildConfigurations = (
				8892377A2137829F001E1759 /* Debug */,
				8892377B2137829F001E1759 /* Release */,
			);
			defaultConfigurationIsVisible = 0;
			defaultConfigurationName = Release;
		};
		8892377C2137829F001E1759 /* Build configuration list for PBXNativeTarget "FiveStarsDemoTests" */ = {
			isa = XCConfigurationList;
			buildConfigurations = (
				8892377D2137829F001E1759 /* Debug */,
				8892377E2137829F001E1759 /* Release */,
			);
			defaultConfigurationIsVisible = 0;
			defaultConfigurationName = Release;
		};
		8892377F2137829F001E1759 /* Build configuration list for PBXNativeTarget "FiveStarsDemoUITests" */ = {
			isa = XCConfigurationList;
			buildConfigurations = (
				889237802137829F001E1759 /* Debug */,
				889237812137829F001E1759 /* Release */,
			);
			defaultConfigurationIsVisible = 0;
			defaultConfigurationName = Release;
		};
/* End XCConfigurationList section */
	};
	rootObject = 889237492137829F001E1759 /* Project object */;
}
